// !$*UTF8*$!
{
	archiveVersion = 1;
	classes = {
	};
	objectVersion = 56;
	objects = {

/* Begin PBXBuildFile section */
		2A106AF228EE63E100B93B9B /* atlsfwApp.swift in Sources */ = {isa = PBXBuildFile; fileRef = 2A106AF128EE63E100B93B9B /* atlsfwApp.swift */; };
		2A106AF428EE63E100B93B9B /* ContentView.swift in Sources */ = {isa = PBXBuildFile; fileRef = 2A106AF328EE63E100B93B9B /* ContentView.swift */; };
		2A106AF628EE63E200B93B9B /* Assets.xcassets in Resources */ = {isa = PBXBuildFile; fileRef = 2A106AF528EE63E200B93B9B /* Assets.xcassets */; };
		2A106AF928EE63E200B93B9B /* Preview Assets.xcassets in Resources */ = {isa = PBXBuildFile; fileRef = 2A106AF828EE63E200B93B9B /* Preview Assets.xcassets */; };
		2A106B0428EE818200B93B9B /* Storyboard.storyboard in Resources */ = {isa = PBXBuildFile; fileRef = 2A106B0328EE818200B93B9B /* Storyboard.storyboard */; };
		2A106B0628EEF76800B93B9B /* StartViewController.swift in Sources */ = {isa = PBXBuildFile; fileRef = 2A106B0528EEF76800B93B9B /* StartViewController.swift */; };
		2A106B0828EEF77900B93B9B /* LoginViewController.swift in Sources */ = {isa = PBXBuildFile; fileRef = 2A106B0728EEF77900B93B9B /* LoginViewController.swift */; };
		2A106B0A28EEF78B00B93B9B /* SignupViewController.swift in Sources */ = {isa = PBXBuildFile; fileRef = 2A106B0928EEF78B00B93B9B /* SignupViewController.swift */; };
		2A106B0C28EEF79C00B93B9B /* HomeViewController.swift in Sources */ = {isa = PBXBuildFile; fileRef = 2A106B0B28EEF79C00B93B9B /* HomeViewController.swift */; };
/* End PBXBuildFile section */

/* Begin PBXFileReference section */
		2A106AEE28EE63E100B93B9B /* atlsfw.app */ = {isa = PBXFileReference; explicitFileType = wrapper.application; includeInIndex = 0; path = atlsfw.app; sourceTree = BUILT_PRODUCTS_DIR; };
		2A106AF128EE63E100B93B9B /* atlsfwApp.swift */ = {isa = PBXFileReference; lastKnownFileType = sourcecode.swift; path = atlsfwApp.swift; sourceTree = "<group>"; };
		2A106AF328EE63E100B93B9B /* ContentView.swift */ = {isa = PBXFileReference; lastKnownFileType = sourcecode.swift; path = ContentView.swift; sourceTree = "<group>"; };
		2A106AF528EE63E200B93B9B /* Assets.xcassets */ = {isa = PBXFileReference; lastKnownFileType = folder.assetcatalog; path = Assets.xcassets; sourceTree = "<group>"; };
		2A106AF828EE63E200B93B9B /* Preview Assets.xcassets */ = {isa = PBXFileReference; lastKnownFileType = folder.assetcatalog; path = "Preview Assets.xcassets"; sourceTree = "<group>"; };
		2A106B0328EE818200B93B9B /* Storyboard.storyboard */ = {isa = PBXFileReference; lastKnownFileType = file.storyboard; path = Storyboard.storyboard; sourceTree = "<group>"; };
		2A106B0528EEF76800B93B9B /* StartViewController.swift */ = {isa = PBXFileReference; lastKnownFileType = sourcecode.swift; path = StartViewController.swift; sourceTree = "<group>"; };
		2A106B0728EEF77900B93B9B /* LoginViewController.swift */ = {isa = PBXFileReference; lastKnownFileType = sourcecode.swift; path = LoginViewController.swift; sourceTree = "<group>"; };
		2A106B0928EEF78B00B93B9B /* SignupViewController.swift */ = {isa = PBXFileReference; lastKnownFileType = sourcecode.swift; path = SignupViewController.swift; sourceTree = "<group>"; };
		2A106B0B28EEF79C00B93B9B /* HomeViewController.swift */ = {isa = PBXFileReference; lastKnownFileType = sourcecode.swift; path = HomeViewController.swift; sourceTree = "<group>"; };
/* End PBXFileReference section */

/* Begin PBXFrameworksBuildPhase section */
		2A106AEB28EE63E100B93B9B /* Frameworks */ = {
			isa = PBXFrameworksBuildPhase;
			buildActionMask = 2147483647;
			files = (
			);
			runOnlyForDeploymentPostprocessing = 0;
		};
/* End PBXFrameworksBuildPhase section */

/* Begin PBXGroup section */
		2A106AE528EE63E100B93B9B = {
			isa = PBXGroup;
			children = (
				2A106AF028EE63E100B93B9B /* atlsfw */,
				2A106AEF28EE63E100B93B9B /* Products */,
			);
			sourceTree = "<group>";
		};
		2A106AEF28EE63E100B93B9B /* Products */ = {
			isa = PBXGroup;
			children = (
				2A106AEE28EE63E100B93B9B /* atlsfw.app */,
			);
			name = Products;
			sourceTree = "<group>";
		};
		2A106AF028EE63E100B93B9B /* atlsfw */ = {
			isa = PBXGroup;
			children = (
				2A106B0528EEF76800B93B9B /* StartViewController.swift */,
				2A106B0728EEF77900B93B9B /* LoginViewController.swift */,
				2A106B0928EEF78B00B93B9B /* SignupViewController.swift */,
				2A106B0B28EEF79C00B93B9B /* HomeViewController.swift */,
				2A106AF128EE63E100B93B9B /* atlsfwApp.swift */,
				2A106AF328EE63E100B93B9B /* ContentView.swift */,
				2A106B0328EE818200B93B9B /* Storyboard.storyboard */,
				2A106AF528EE63E200B93B9B /* Assets.xcassets */,
				2A106AF728EE63E200B93B9B /* Preview Content */,
			);
			path = atlsfw;
			sourceTree = "<group>";
		};
		2A106AF728EE63E200B93B9B /* Preview Content */ = {
			isa = PBXGroup;
			children = (
				2A106AF828EE63E200B93B9B /* Preview Assets.xcassets */,
			);
			path = "Preview Content";
			sourceTree = "<group>";
		};
/* End PBXGroup section */

/* Begin PBXNativeTarget section */
		2A106AED28EE63E100B93B9B /* atlsfw */ = {
			isa = PBXNativeTarget;
			buildConfigurationList = 2A106AFC28EE63E200B93B9B /* Build configuration list for PBXNativeTarget "atlsfw" */;
			buildPhases = (
				2A106AEA28EE63E100B93B9B /* Sources */,
				2A106AEB28EE63E100B93B9B /* Frameworks */,
				2A106AEC28EE63E100B93B9B /* Resources */,
			);
			buildRules = (
			);
			dependencies = (
			);
			name = atlsfw;
			productName = atlsfw;
			productReference = 2A106AEE28EE63E100B93B9B /* atlsfw.app */;
			productType = "com.apple.product-type.application";
		};
/* End PBXNativeTarget section */

/* Begin PBXProject section */
		2A106AE628EE63E100B93B9B /* Project object */ = {
			isa = PBXProject;
			attributes = {
				BuildIndependentTargetsInParallel = 1;
				LastSwiftUpdateCheck = 1400;
				LastUpgradeCheck = 1400;
				TargetAttributes = {
					2A106AED28EE63E100B93B9B = {
						CreatedOnToolsVersion = 14.0.1;
					};
				};
			};
			buildConfigurationList = 2A106AE928EE63E100B93B9B /* Build configuration list for PBXProject "atlsfw" */;
			compatibilityVersion = "Xcode 14.0";
			developmentRegion = en;
			hasScannedForEncodings = 0;
			knownRegions = (
				en,
				Base,
			);
			mainGroup = 2A106AE528EE63E100B93B9B;
			productRefGroup = 2A106AEF28EE63E100B93B9B /* Products */;
			projectDirPath = "";
			projectRoot = "";
			targets = (
				2A106AED28EE63E100B93B9B /* atlsfw */,
			);
		};
/* End PBXProject section */

/* Begin PBXResourcesBuildPhase section */
		2A106AEC28EE63E100B93B9B /* Resources */ = {
			isa = PBXResourcesBuildPhase;
			buildActionMask = 2147483647;
			files = (
				2A106B0428EE818200B93B9B /* Storyboard.storyboard in Resources */,
				2A106AF928EE63E200B93B9B /* Preview Assets.xcassets in Resources */,
				2A106AF628EE63E200B93B9B /* Assets.xcassets in Resources */,
			);
			runOnlyForDeploymentPostprocessing = 0;
		};
/* End PBXResourcesBuildPhase section */

/* Begin PBXSourcesBuildPhase section */
		2A106AEA28EE63E100B93B9B /* Sources */ = {
			isa = PBXSourcesBuildPhase;
			buildActionMask = 2147483647;
			files = (
				2A106B0828EEF77900B93B9B /* LoginViewController.swift in Sources */,
				2A106AF428EE63E100B93B9B /* ContentView.swift in Sources */,
				2A106B0A28EEF78B00B93B9B /* SignupViewController.swift in Sources */,
				2A106AF228EE63E100B93B9B /* atlsfwApp.swift in Sources */,
				2A106B0628EEF76800B93B9B /* StartViewController.swift in Sources */,
				2A106B0C28EEF79C00B93B9B /* HomeViewController.swift in Sources */,
			);
			runOnlyForDeploymentPostprocessing = 0;
		};
/* End PBXSourcesBuildPhase section */

/* Begin XCBuildConfiguration section */
		2A106AFA28EE63E200B93B9B /* Debug */ = {
			isa = XCBuildConfiguration;
			buildSettings = {
				ALWAYS_SEARCH_USER_PATHS = NO;
				CLANG_ANALYZER_NONNULL = YES;
				CLANG_ANALYZER_NUMBER_OBJECT_CONVERSION = YES_AGGRESSIVE;
				CLANG_CXX_LANGUAGE_STANDARD = "gnu++20";
				CLANG_ENABLE_MODULES = YES;
				CLANG_ENABLE_OBJC_ARC = YES;
				CLANG_ENABLE_OBJC_WEAK = YES;
				CLANG_WARN_BLOCK_CAPTURE_AUTORELEASING = YES;
				CLANG_WARN_BOOL_CONVERSION = YES;
				CLANG_WARN_COMMA = YES;
				CLANG_WARN_CONSTANT_CONVERSION = YES;
				CLANG_WARN_DEPRECATED_OBJC_IMPLEMENTATIONS = YES;
				CLANG_WARN_DIRECT_OBJC_ISA_USAGE = YES_ERROR;
				CLANG_WARN_DOCUMENTATION_COMMENTS = YES;
				CLANG_WARN_EMPTY_BODY = YES;
				CLANG_WARN_ENUM_CONVERSION = YES;
				CLANG_WARN_INFINITE_RECURSION = YES;
				CLANG_WARN_INT_CONVERSION = YES;
				CLANG_WARN_NON_LITERAL_NULL_CONVERSION = YES;
				CLANG_WARN_OBJC_IMPLICIT_RETAIN_SELF = YES;
				CLANG_WARN_OBJC_LITERAL_CONVERSION = YES;
				CLANG_WARN_OBJC_ROOT_CLASS = YES_ERROR;
				CLANG_WARN_QUOTED_INCLUDE_IN_FRAMEWORK_HEADER = YES;
				CLANG_WARN_RANGE_LOOP_ANALYSIS = YES;
				CLANG_WARN_STRICT_PROTOTYPES = YES;
				CLANG_WARN_SUSPICIOUS_MOVE = YES;
				CLANG_WARN_UNGUARDED_AVAILABILITY = YES_AGGRESSIVE;
				CLANG_WARN_UNREACHABLE_CODE = YES;
				CLANG_WARN__DUPLICATE_METHOD_MATCH = YES;
				COPY_PHASE_STRIP = NO;
				DEBUG_INFORMATION_FORMAT = dwarf;
				ENABLE_STRICT_OBJC_MSGSEND = YES;
				ENABLE_TESTABILITY = YES;
				GCC_C_LANGUAGE_STANDARD = gnu11;
				GCC_DYNAMIC_NO_PIC = NO;
				GCC_NO_COMMON_BLOCKS = YES;
				GCC_OPTIMIZATION_LEVEL = 0;
				GCC_PREPROCESSOR_DEFINITIONS = (
					"DEBUG=1",
					"$(inherited)",
				);
				GCC_WARN_64_TO_32_BIT_CONVERSION = YES;
				GCC_WARN_ABOUT_RETURN_TYPE = YES_ERROR;
				GCC_WARN_UNDECLARED_SELECTOR = YES;
				GCC_WARN_UNINITIALIZED_AUTOS = YES_AGGRESSIVE;
				GCC_WARN_UNUSED_FUNCTION = YES;
				GCC_WARN_UNUSED_VARIABLE = YES;
				IPHONEOS_DEPLOYMENT_TARGET = 16.0;
				MTL_ENABLE_DEBUG_INFO = INCLUDE_SOURCE;
				MTL_FAST_MATH = YES;
				ONLY_ACTIVE_ARCH = YES;
				SDKROOT = iphoneos;
				SWIFT_ACTIVE_COMPILATION_CONDITIONS = DEBUG;
				SWIFT_OPTIMIZATION_LEVEL = "-Onone";
			};
			name = Debug;
		};
		2A106AFB28EE63E200B93B9B /* Release */ = {
			isa = XCBuildConfiguration;
			buildSettings = {
				ALWAYS_SEARCH_USER_PATHS = NO;
				CLANG_ANALYZER_NONNULL = YES;
				CLANG_ANALYZER_NUMBER_OBJECT_CONVERSION = YES_AGGRESSIVE;
				CLANG_CXX_LANGUAGE_STANDARD = "gnu++20";
				CLANG_ENABLE_MODULES = YES;
				CLANG_ENABLE_OBJC_ARC = YES;
				CLANG_ENABLE_OBJC_WEAK = YES;
				CLANG_WARN_BLOCK_CAPTURE_AUTORELEASING = YES;
				CLANG_WARN_BOOL_CONVERSION = YES;
				CLANG_WARN_COMMA = YES;
				CLANG_WARN_CONSTANT_CONVERSION = YES;
				CLANG_WARN_DEPRECATED_OBJC_IMPLEMENTATIONS = YES;
				CLANG_WARN_DIRECT_OBJC_ISA_USAGE = YES_ERROR;
				CLANG_WARN_DOCUMENTATION_COMMENTS = YES;
				CLANG_WARN_EMPTY_BODY = YES;
				CLANG_WARN_ENUM_CONVERSION = YES;
				CLANG_WARN_INFINITE_RECURSION = YES;
				CLANG_WARN_INT_CONVERSION = YES;
				CLANG_WARN_NON_LITERAL_NULL_CONVERSION = YES;
				CLANG_WARN_OBJC_IMPLICIT_RETAIN_SELF = YES;
				CLANG_WARN_OBJC_LITERAL_CONVERSION = YES;
				CLANG_WARN_OBJC_ROOT_CLASS = YES_ERROR;
				CLANG_WARN_QUOTED_INCLUDE_IN_FRAMEWORK_HEADER = YES;
				CLANG_WARN_RANGE_LOOP_ANALYSIS = YES;
				CLANG_WARN_STRICT_PROTOTYPES = YES;
				CLANG_WARN_SUSPICIOUS_MOVE = YES;
				CLANG_WARN_UNGUARDED_AVAILABILITY = YES_AGGRESSIVE;
				CLANG_WARN_UNREACHABLE_CODE = YES;
				CLANG_WARN__DUPLICATE_METHOD_MATCH = YES;
				COPY_PHASE_STRIP = NO;
				DEBUG_INFORMATION_FORMAT = "dwarf-with-dsym";
				ENABLE_NS_ASSERTIONS = NO;
				ENABLE_STRICT_OBJC_MSGSEND = YES;
				GCC_C_LANGUAGE_STANDARD = gnu11;
				GCC_NO_COMMON_BLOCKS = YES;
				GCC_WARN_64_TO_32_BIT_CONVERSION = YES;
				GCC_WARN_ABOUT_RETURN_TYPE = YES_ERROR;
				GCC_WARN_UNDECLARED_SELECTOR = YES;
				GCC_WARN_UNINITIALIZED_AUTOS = YES_AGGRESSIVE;
				GCC_WARN_UNUSED_FUNCTION = YES;
				GCC_WARN_UNUSED_VARIABLE = YES;
				IPHONEOS_DEPLOYMENT_TARGET = 16.0;
				MTL_ENABLE_DEBUG_INFO = NO;
				MTL_FAST_MATH = YES;
				SDKROOT = iphoneos;
				SWIFT_COMPILATION_MODE = wholemodule;
				SWIFT_OPTIMIZATION_LEVEL = "-O";
				VALIDATE_PRODUCT = YES;
			};
			name = Release;
		};
		2A106AFD28EE63E200B93B9B /* Debug */ = {
			isa = XCBuildConfiguration;
			buildSettings = {
				ASSETCATALOG_COMPILER_APPICON_NAME = AppIcon;
				ASSETCATALOG_COMPILER_GLOBAL_ACCENT_COLOR_NAME = AccentColor;
				CODE_SIGN_STYLE = Automatic;
				CURRENT_PROJECT_VERSION = 1;
				DEVELOPMENT_ASSET_PATHS = "\"atlsfw/Preview Content\"";
				DEVELOPMENT_TEAM = JBZB86V98T;
				ENABLE_PREVIEWS = YES;
				GENERATE_INFOPLIST_FILE = YES;
				INFOPLIST_KEY_UIApplicationSceneManifest_Generation = YES;
				INFOPLIST_KEY_UIApplicationSupportsIndirectInputEvents = YES;
				INFOPLIST_KEY_UILaunchScreen_Generation = YES;
				INFOPLIST_KEY_UISupportedInterfaceOrientations_iPad = "UIInterfaceOrientationPortrait UIInterfaceOrientationPortraitUpsideDown UIInterfaceOrientationLandscapeLeft UIInterfaceOrientationLandscapeRight";
				INFOPLIST_KEY_UISupportedInterfaceOrientations_iPhone = "UIInterfaceOrientationPortrait UIInterfaceOrientationLandscapeLeft UIInterfaceOrientationLandscapeRight";
				LD_RUNPATH_SEARCH_PATHS = (
					"$(inherited)",
					"@executable_path/Frameworks",
				);
				MARKETING_VERSION = 1.0;
				PRODUCT_BUNDLE_IDENTIFIER = com.team2120.atlsfw;
				PRODUCT_NAME = "$(TARGET_NAME)";
				SWIFT_EMIT_LOC_STRINGS = YES;
				SWIFT_VERSION = 5.0;
				TARGETED_DEVICE_FAMILY = "1,2";
			};
			name = Debug;
		};
		2A106AFE28EE63E200B93B9B /* Release */ = {
			isa = XCBuildConfiguration;
			buildSettings = {
				ASSETCATALOG_COMPILER_APPICON_NAME = AppIcon;
				ASSETCATALOG_COMPILER_GLOBAL_ACCENT_COLOR_NAME = AccentColor;
				CODE_SIGN_STYLE = Automatic;
				CURRENT_PROJECT_VERSION = 1;
				DEVELOPMENT_ASSET_PATHS = "\"atlsfw/Preview Content\"";
				DEVELOPMENT_TEAM = JBZB86V98T;
				ENABLE_PREVIEWS = YES;
				GENERATE_INFOPLIST_FILE = YES;
				INFOPLIST_KEY_UIApplicationSceneManifest_Generation = YES;
				INFOPLIST_KEY_UIApplicationSupportsIndirectInputEvents = YES;
				INFOPLIST_KEY_UILaunchScreen_Generation = YES;
				INFOPLIST_KEY_UISupportedInterfaceOrientations_iPad = "UIInterfaceOrientationPortrait UIInterfaceOrientationPortraitUpsideDown UIInterfaceOrientationLandscapeLeft UIInterfaceOrientationLandscapeRight";
				INFOPLIST_KEY_UISupportedInterfaceOrientations_iPhone = "UIInterfaceOrientationPortrait UIInterfaceOrientationLandscapeLeft UIInterfaceOrientationLandscapeRight";
				LD_RUNPATH_SEARCH_PATHS = (
					"$(inherited)",
					"@executable_path/Frameworks",
				);
				MARKETING_VERSION = 1.0;
				PRODUCT_BUNDLE_IDENTIFIER = com.team2120.atlsfw;
				PRODUCT_NAME = "$(TARGET_NAME)";
				SWIFT_EMIT_LOC_STRINGS = YES;
				SWIFT_VERSION = 5.0;
				TARGETED_DEVICE_FAMILY = "1,2";
			};
			name = Release;
		};
/* End XCBuildConfiguration section */

/* Begin XCConfigurationList section */
		2A106AE928EE63E100B93B9B /* Build configuration list for PBXProject "atlsfw" */ = {
			isa = XCConfigurationList;
			buildConfigurations = (
				2A106AFA28EE63E200B93B9B /* Debug */,
				2A106AFB28EE63E200B93B9B /* Release */,
			);
			defaultConfigurationIsVisible = 0;
			defaultConfigurationName = Release;
		};
		2A106AFC28EE63E200B93B9B /* Build configuration list for PBXNativeTarget "atlsfw" */ = {
			isa = XCConfigurationList;
			buildConfigurations = (
				2A106AFD28EE63E200B93B9B /* Debug */,
				2A106AFE28EE63E200B93B9B /* Release */,
			);
			defaultConfigurationIsVisible = 0;
			defaultConfigurationName = Release;
		};
/* End XCConfigurationList section */
	};
	rootObject = 2A106AE628EE63E100B93B9B /* Project object */;
}
