// !$*UTF8*$!
{
	archiveVersion = 1;
	classes = {
	};
	objectVersion = 56;
	objects = {

/* Begin PBXBuildFile section */
		2A106BFD28EF135800B93B9B /* team2120App.swift in Sources */ = {isa = PBXBuildFile; fileRef = 2A106BFC28EF135800B93B9B /* team2120App.swift */; };
		2A106BFF28EF135800B93B9B /* ContentView.swift in Sources */ = {isa = PBXBuildFile; fileRef = 2A106BFE28EF135800B93B9B /* ContentView.swift */; };
		2A106C0128EF135900B93B9B /* Assets.xcassets in Resources */ = {isa = PBXBuildFile; fileRef = 2A106C0028EF135900B93B9B /* Assets.xcassets */; };
		2A106C0428EF135900B93B9B /* Preview Assets.xcassets in Resources */ = {isa = PBXBuildFile; fileRef = 2A106C0328EF135900B93B9B /* Preview Assets.xcassets */; };
		2A106C0B28EF13A300B93B9B /* Storyboard.storyboard in Resources */ = {isa = PBXBuildFile; fileRef = 2A106C0A28EF13A300B93B9B /* Storyboard.storyboard */; };
		2A106C0E28EF13D000B93B9B /* startupViewController.swift in Sources */ = {isa = PBXBuildFile; fileRef = 2A106C0C28EF13D000B93B9B /* startupViewController.swift */; };
		2A106C1128EF14AC00B93B9B /* LoginViewController.swift in Sources */ = {isa = PBXBuildFile; fileRef = 2A106C1028EF14AC00B93B9B /* LoginViewController.swift */; };
		2A106C1328EF14C700B93B9B /* RegisterViewController.swift in Sources */ = {isa = PBXBuildFile; fileRef = 2A106C1228EF14C700B93B9B /* RegisterViewController.swift */; };
		2A106C1528EF14DA00B93B9B /* HomeViewController.swift in Sources */ = {isa = PBXBuildFile; fileRef = 2A106C1428EF14DA00B93B9B /* HomeViewController.swift */; };
		2A106C1728EF14E900B93B9B /* WeatherViewController.swift in Sources */ = {isa = PBXBuildFile; fileRef = 2A106C1628EF14E900B93B9B /* WeatherViewController.swift */; };
		2A106C1928EF14FB00B93B9B /* ClosetViewController.swift in Sources */ = {isa = PBXBuildFile; fileRef = 2A106C1828EF14FB00B93B9B /* ClosetViewController.swift */; };
		2A106C1B28EF151100B93B9B /* QuizViewController.swift in Sources */ = {isa = PBXBuildFile; fileRef = 2A106C1A28EF151100B93B9B /* QuizViewController.swift */; };
		2A106C1D28EF1B0400B93B9B /* calendarViewController.swift in Sources */ = {isa = PBXBuildFile; fileRef = 2A106C1C28EF1B0400B93B9B /* calendarViewController.swift */; };
/* End PBXBuildFile section */

/* Begin PBXFileReference section */
		2A106BF928EF135800B93B9B /* team2120.app */ = {isa = PBXFileReference; explicitFileType = wrapper.application; includeInIndex = 0; path = team2120.app; sourceTree = BUILT_PRODUCTS_DIR; };
		2A106BFC28EF135800B93B9B /* team2120App.swift */ = {isa = PBXFileReference; lastKnownFileType = sourcecode.swift; path = team2120App.swift; sourceTree = "<group>"; };
		2A106BFE28EF135800B93B9B /* ContentView.swift */ = {isa = PBXFileReference; lastKnownFileType = sourcecode.swift; path = ContentView.swift; sourceTree = "<group>"; };
		2A106C0028EF135900B93B9B /* Assets.xcassets */ = {isa = PBXFileReference; lastKnownFileType = folder.assetcatalog; path = Assets.xcassets; sourceTree = "<group>"; };
		2A106C0328EF135900B93B9B /* Preview Assets.xcassets */ = {isa = PBXFileReference; lastKnownFileType = folder.assetcatalog; path = "Preview Assets.xcassets"; sourceTree = "<group>"; };
		2A106C0A28EF13A300B93B9B /* Storyboard.storyboard */ = {isa = PBXFileReference; lastKnownFileType = file.storyboard; path = Storyboard.storyboard; sourceTree = "<group>"; };
		2A106C0C28EF13D000B93B9B /* startupViewController.swift */ = {isa = PBXFileReference; lastKnownFileType = sourcecode.swift; path = startupViewController.swift; sourceTree = "<group>"; };
		2A106C1028EF14AC00B93B9B /* LoginViewController.swift */ = {isa = PBXFileReference; lastKnownFileType = sourcecode.swift; path = LoginViewController.swift; sourceTree = "<group>"; };
		2A106C1228EF14C700B93B9B /* RegisterViewController.swift */ = {isa = PBXFileReference; lastKnownFileType = sourcecode.swift; path = RegisterViewController.swift; sourceTree = "<group>"; };
		2A106C1428EF14DA00B93B9B /* HomeViewController.swift */ = {isa = PBXFileReference; lastKnownFileType = sourcecode.swift; path = HomeViewController.swift; sourceTree = "<group>"; };
		2A106C1628EF14E900B93B9B /* WeatherViewController.swift */ = {isa = PBXFileReference; lastKnownFileType = sourcecode.swift; path = WeatherViewController.swift; sourceTree = "<group>"; };
		2A106C1828EF14FB00B93B9B /* ClosetViewController.swift */ = {isa = PBXFileReference; lastKnownFileType = sourcecode.swift; path = ClosetViewController.swift; sourceTree = "<group>"; };
		2A106C1A28EF151100B93B9B /* QuizViewController.swift */ = {isa = PBXFileReference; lastKnownFileType = sourcecode.swift; path = QuizViewController.swift; sourceTree = "<group>"; };
		2A106C1C28EF1B0400B93B9B /* calendarViewController.swift */ = {isa = PBXFileReference; lastKnownFileType = sourcecode.swift; path = calendarViewController.swift; sourceTree = "<group>"; };
/* End PBXFileReference section */

/* Begin PBXFrameworksBuildPhase section */
		2A106BF628EF135800B93B9B /* Frameworks */ = {
			isa = PBXFrameworksBuildPhase;
			buildActionMask = 2147483647;
			files = (
			);
			runOnlyForDeploymentPostprocessing = 0;
		};
/* End PBXFrameworksBuildPhase section */

/* Begin PBXGroup section */
		2A106BF028EF135800B93B9B = {
			isa = PBXGroup;
			children = (
				2A106BFB28EF135800B93B9B /* team2120 */,
				2A106BFA28EF135800B93B9B /* Products */,
			);
			sourceTree = "<group>";
		};
		2A106BFA28EF135800B93B9B /* Products */ = {
			isa = PBXGroup;
			children = (
				2A106BF928EF135800B93B9B /* team2120.app */,
			);
			name = Products;
			sourceTree = "<group>";
		};
		2A106BFB28EF135800B93B9B /* team2120 */ = {
			isa = PBXGroup;
			children = (
				2A106BFC28EF135800B93B9B /* team2120App.swift */,
				2A106BFE28EF135800B93B9B /* ContentView.swift */,
				2A106C0A28EF13A300B93B9B /* Storyboard.storyboard */,
				2A106C0C28EF13D000B93B9B /* startupViewController.swift */,
				2A106C1028EF14AC00B93B9B /* LoginViewController.swift */,
				2A106C1228EF14C700B93B9B /* RegisterViewController.swift */,
				2A106C1428EF14DA00B93B9B /* HomeViewController.swift */,
				2A106C1628EF14E900B93B9B /* WeatherViewController.swift */,
				2A106C1828EF14FB00B93B9B /* ClosetViewController.swift */,
				2A106C1A28EF151100B93B9B /* QuizViewController.swift */,
				2A106C1C28EF1B0400B93B9B /* calendarViewController.swift */,
				2A106C0028EF135900B93B9B /* Assets.xcassets */,
				2A106C0228EF135900B93B9B /* Preview Content */,
			);
			path = team2120;
			sourceTree = "<group>";
		};
		2A106C0228EF135900B93B9B /* Preview Content */ = {
			isa = PBXGroup;
			children = (
				2A106C0328EF135900B93B9B /* Preview Assets.xcassets */,
			);
			path = "Preview Content";
			sourceTree = "<group>";
		};
/* End PBXGroup section */

/* Begin PBXNativeTarget section */
		2A106BF828EF135800B93B9B /* team2120 */ = {
			isa = PBXNativeTarget;
			buildConfigurationList = 2A106C0728EF135900B93B9B /* Build configuration list for PBXNativeTarget "team2120" */;
			buildPhases = (
				2A106BF528EF135800B93B9B /* Sources */,
				2A106BF628EF135800B93B9B /* Frameworks */,
				2A106BF728EF135800B93B9B /* Resources */,
			);
			buildRules = (
			);
			dependencies = (
			);
			name = team2120;
			productName = team2120;
			productReference = 2A106BF928EF135800B93B9B /* team2120.app */;
			productType = "com.apple.product-type.application";
		};
/* End PBXNativeTarget section */

/* Begin PBXProject section */
		2A106BF128EF135800B93B9B /* Project object */ = {
			isa = PBXProject;
			attributes = {
				BuildIndependentTargetsInParallel = 1;
				LastSwiftUpdateCheck = 1400;
				LastUpgradeCheck = 1400;
				TargetAttributes = {
					2A106BF828EF135800B93B9B = {
						CreatedOnToolsVersion = 14.0.1;
					};
				};
			};
			buildConfigurationList = 2A106BF428EF135800B93B9B /* Build configuration list for PBXProject "team2120" */;
			compatibilityVersion = "Xcode 14.0";
			developmentRegion = en;
			hasScannedForEncodings = 0;
			knownRegions = (
				en,
				Base,
			);
			mainGroup = 2A106BF028EF135800B93B9B;
			productRefGroup = 2A106BFA28EF135800B93B9B /* Products */;
			projectDirPath = "";
			projectRoot = "";
			targets = (
				2A106BF828EF135800B93B9B /* team2120 */,
			);
		};
/* End PBXProject section */

/* Begin PBXResourcesBuildPhase section */
		2A106BF728EF135800B93B9B /* Resources */ = {
			isa = PBXResourcesBuildPhase;
			buildActionMask = 2147483647;
			files = (
				2A106C0428EF135900B93B9B /* Preview Assets.xcassets in Resources */,
				2A106C0128EF135900B93B9B /* Assets.xcassets in Resources */,
				2A106C0B28EF13A300B93B9B /* Storyboard.storyboard in Resources */,
			);
			runOnlyForDeploymentPostprocessing = 0;
		};
/* End PBXResourcesBuildPhase section */

/* Begin PBXSourcesBuildPhase section */
		2A106BF528EF135800B93B9B /* Sources */ = {
			isa = PBXSourcesBuildPhase;
			buildActionMask = 2147483647;
			files = (
				2A106C1128EF14AC00B93B9B /* LoginViewController.swift in Sources */,
				2A106C1328EF14C700B93B9B /* RegisterViewController.swift in Sources */,
				2A106C0E28EF13D000B93B9B /* startupViewController.swift in Sources */,
				2A106BFF28EF135800B93B9B /* ContentView.swift in Sources */,
				2A106C1728EF14E900B93B9B /* WeatherViewController.swift in Sources */,
				2A106BFD28EF135800B93B9B /* team2120App.swift in Sources */,
				2A106C1B28EF151100B93B9B /* QuizViewController.swift in Sources */,
				2A106C1928EF14FB00B93B9B /* ClosetViewController.swift in Sources */,
				2A106C1D28EF1B0400B93B9B /* calendarViewController.swift in Sources */,
				2A106C1528EF14DA00B93B9B /* HomeViewController.swift in Sources */,
			);
			runOnlyForDeploymentPostprocessing = 0;
		};
/* End PBXSourcesBuildPhase section */

/* Begin XCBuildConfiguration section */
		2A106C0528EF135900B93B9B /* Debug */ = {
			isa = XCBuildConfiguration;
			buildSettings = {
				ALWAYS_SEARCH_USER_PATHS = NO;
				CLANG_ANALYZER_NONNULL = YES;
				CLANG_ANALYZER_NUMBER_OBJECT_CONVERSION = YES_AGGRESSIVE;
				CLANG_CXX_LANGUAGE_STANDARD = "gnu++20";
				CLANG_ENABLE_MODULES = YES;
				CLANG_ENABLE_OBJC_ARC = YES;
				CLANG_ENABLE_OBJC_WEAK = YES;
				CLANG_WARN_BLOCK_CAPTURE_AUTORELEASING = YES;
				CLANG_WARN_BOOL_CONVERSION = YES;
				CLANG_WARN_COMMA = YES;
				CLANG_WARN_CONSTANT_CONVERSION = YES;
				CLANG_WARN_DEPRECATED_OBJC_IMPLEMENTATIONS = YES;
				CLANG_WARN_DIRECT_OBJC_ISA_USAGE = YES_ERROR;
				CLANG_WARN_DOCUMENTATION_COMMENTS = YES;
				CLANG_WARN_EMPTY_BODY = YES;
				CLANG_WARN_ENUM_CONVERSION = YES;
				CLANG_WARN_INFINITE_RECURSION = YES;
				CLANG_WARN_INT_CONVERSION = YES;
				CLANG_WARN_NON_LITERAL_NULL_CONVERSION = YES;
				CLANG_WARN_OBJC_IMPLICIT_RETAIN_SELF = YES;
				CLANG_WARN_OBJC_LITERAL_CONVERSION = YES;
				CLANG_WARN_OBJC_ROOT_CLASS = YES_ERROR;
				CLANG_WARN_QUOTED_INCLUDE_IN_FRAMEWORK_HEADER = YES;
				CLANG_WARN_RANGE_LOOP_ANALYSIS = YES;
				CLANG_WARN_STRICT_PROTOTYPES = YES;
				CLANG_WARN_SUSPICIOUS_MOVE = YES;
				CLANG_WARN_UNGUARDED_AVAILABILITY = YES_AGGRESSIVE;
				CLANG_WARN_UNREACHABLE_CODE = YES;
				CLANG_WARN__DUPLICATE_METHOD_MATCH = YES;
				COPY_PHASE_STRIP = NO;
				DEBUG_INFORMATION_FORMAT = dwarf;
				ENABLE_STRICT_OBJC_MSGSEND = YES;
				ENABLE_TESTABILITY = YES;
				GCC_C_LANGUAGE_STANDARD = gnu11;
				GCC_DYNAMIC_NO_PIC = NO;
				GCC_NO_COMMON_BLOCKS = YES;
				GCC_OPTIMIZATION_LEVEL = 0;
				GCC_PREPROCESSOR_DEFINITIONS = (
					"DEBUG=1",
					"$(inherited)",
				);
				GCC_WARN_64_TO_32_BIT_CONVERSION = YES;
				GCC_WARN_ABOUT_RETURN_TYPE = YES_ERROR;
				GCC_WARN_UNDECLARED_SELECTOR = YES;
				GCC_WARN_UNINITIALIZED_AUTOS = YES_AGGRESSIVE;
				GCC_WARN_UNUSED_FUNCTION = YES;
				GCC_WARN_UNUSED_VARIABLE = YES;
				IPHONEOS_DEPLOYMENT_TARGET = 16.0;
				MTL_ENABLE_DEBUG_INFO = INCLUDE_SOURCE;
				MTL_FAST_MATH = YES;
				ONLY_ACTIVE_ARCH = YES;
				SDKROOT = iphoneos;
				SWIFT_ACTIVE_COMPILATION_CONDITIONS = DEBUG;
				SWIFT_OPTIMIZATION_LEVEL = "-Onone";
			};
			name = Debug;
		};
		2A106C0628EF135900B93B9B /* Release */ = {
			isa = XCBuildConfiguration;
			buildSettings = {
				ALWAYS_SEARCH_USER_PATHS = NO;
				CLANG_ANALYZER_NONNULL = YES;
				CLANG_ANALYZER_NUMBER_OBJECT_CONVERSION = YES_AGGRESSIVE;
				CLANG_CXX_LANGUAGE_STANDARD = "gnu++20";
				CLANG_ENABLE_MODULES = YES;
				CLANG_ENABLE_OBJC_ARC = YES;
				CLANG_ENABLE_OBJC_WEAK = YES;
				CLANG_WARN_BLOCK_CAPTURE_AUTORELEASING = YES;
				CLANG_WARN_BOOL_CONVERSION = YES;
				CLANG_WARN_COMMA = YES;
				CLANG_WARN_CONSTANT_CONVERSION = YES;
				CLANG_WARN_DEPRECATED_OBJC_IMPLEMENTATIONS = YES;
				CLANG_WARN_DIRECT_OBJC_ISA_USAGE = YES_ERROR;
				CLANG_WARN_DOCUMENTATION_COMMENTS = YES;
				CLANG_WARN_EMPTY_BODY = YES;
				CLANG_WARN_ENUM_CONVERSION = YES;
				CLANG_WARN_INFINITE_RECURSION = YES;
				CLANG_WARN_INT_CONVERSION = YES;
				CLANG_WARN_NON_LITERAL_NULL_CONVERSION = YES;
				CLANG_WARN_OBJC_IMPLICIT_RETAIN_SELF = YES;
				CLANG_WARN_OBJC_LITERAL_CONVERSION = YES;
				CLANG_WARN_OBJC_ROOT_CLASS = YES_ERROR;
				CLANG_WARN_QUOTED_INCLUDE_IN_FRAMEWORK_HEADER = YES;
				CLANG_WARN_RANGE_LOOP_ANALYSIS = YES;
				CLANG_WARN_STRICT_PROTOTYPES = YES;
				CLANG_WARN_SUSPICIOUS_MOVE = YES;
				CLANG_WARN_UNGUARDED_AVAILABILITY = YES_AGGRESSIVE;
				CLANG_WARN_UNREACHABLE_CODE = YES;
				CLANG_WARN__DUPLICATE_METHOD_MATCH = YES;
				COPY_PHASE_STRIP = NO;
				DEBUG_INFORMATION_FORMAT = "dwarf-with-dsym";
				ENABLE_NS_ASSERTIONS = NO;
				ENABLE_STRICT_OBJC_MSGSEND = YES;
				GCC_C_LANGUAGE_STANDARD = gnu11;
				GCC_NO_COMMON_BLOCKS = YES;
				GCC_WARN_64_TO_32_BIT_CONVERSION = YES;
				GCC_WARN_ABOUT_RETURN_TYPE = YES_ERROR;
				GCC_WARN_UNDECLARED_SELECTOR = YES;
				GCC_WARN_UNINITIALIZED_AUTOS = YES_AGGRESSIVE;
				GCC_WARN_UNUSED_FUNCTION = YES;
				GCC_WARN_UNUSED_VARIABLE = YES;
				IPHONEOS_DEPLOYMENT_TARGET = 16.0;
				MTL_ENABLE_DEBUG_INFO = NO;
				MTL_FAST_MATH = YES;
				SDKROOT = iphoneos;
				SWIFT_COMPILATION_MODE = wholemodule;
				SWIFT_OPTIMIZATION_LEVEL = "-O";
				VALIDATE_PRODUCT = YES;
			};
			name = Release;
		};
		2A106C0828EF135900B93B9B /* Debug */ = {
			isa = XCBuildConfiguration;
			buildSettings = {
				ASSETCATALOG_COMPILER_APPICON_NAME = AppIcon;
				ASSETCATALOG_COMPILER_GLOBAL_ACCENT_COLOR_NAME = AccentColor;
				CODE_SIGN_STYLE = Automatic;
				CURRENT_PROJECT_VERSION = 1;
				DEVELOPMENT_ASSET_PATHS = "\"team2120/Preview Content\"";
				ENABLE_PREVIEWS = YES;
				GENERATE_INFOPLIST_FILE = YES;
				INFOPLIST_KEY_UIApplicationSceneManifest_Generation = YES;
				INFOPLIST_KEY_UIApplicationSupportsIndirectInputEvents = YES;
				INFOPLIST_KEY_UILaunchScreen_Generation = YES;
				INFOPLIST_KEY_UISupportedInterfaceOrientations_iPad = "UIInterfaceOrientationPortrait UIInterfaceOrientationPortraitUpsideDown UIInterfaceOrientationLandscapeLeft UIInterfaceOrientationLandscapeRight";
				INFOPLIST_KEY_UISupportedInterfaceOrientations_iPhone = "UIInterfaceOrientationPortrait UIInterfaceOrientationLandscapeLeft UIInterfaceOrientationLandscapeRight";
				LD_RUNPATH_SEARCH_PATHS = (
					"$(inherited)",
					"@executable_path/Frameworks",
				);
				MARKETING_VERSION = 1.0;
				PRODUCT_BUNDLE_IDENTIFIER = atlsfw.team2120;
				PRODUCT_NAME = "$(TARGET_NAME)";
				SWIFT_EMIT_LOC_STRINGS = YES;
				SWIFT_VERSION = 5.0;
				TARGETED_DEVICE_FAMILY = "1,2";
			};
			name = Debug;
		};
		2A106C0928EF135900B93B9B /* Release */ = {
			isa = XCBuildConfiguration;
			buildSettings = {
				ASSETCATALOG_COMPILER_APPICON_NAME = AppIcon;
				ASSETCATALOG_COMPILER_GLOBAL_ACCENT_COLOR_NAME = AccentColor;
				CODE_SIGN_STYLE = Automatic;
				CURRENT_PROJECT_VERSION = 1;
				DEVELOPMENT_ASSET_PATHS = "\"team2120/Preview Content\"";
				ENABLE_PREVIEWS = YES;
				GENERATE_INFOPLIST_FILE = YES;
				INFOPLIST_KEY_UIApplicationSceneManifest_Generation = YES;
				INFOPLIST_KEY_UIApplicationSupportsIndirectInputEvents = YES;
				INFOPLIST_KEY_UILaunchScreen_Generation = YES;
				INFOPLIST_KEY_UISupportedInterfaceOrientations_iPad = "UIInterfaceOrientationPortrait UIInterfaceOrientationPortraitUpsideDown UIInterfaceOrientationLandscapeLeft UIInterfaceOrientationLandscapeRight";
				INFOPLIST_KEY_UISupportedInterfaceOrientations_iPhone = "UIInterfaceOrientationPortrait UIInterfaceOrientationLandscapeLeft UIInterfaceOrientationLandscapeRight";
				LD_RUNPATH_SEARCH_PATHS = (
					"$(inherited)",
					"@executable_path/Frameworks",
				);
				MARKETING_VERSION = 1.0;
				PRODUCT_BUNDLE_IDENTIFIER = atlsfw.team2120;
				PRODUCT_NAME = "$(TARGET_NAME)";
				SWIFT_EMIT_LOC_STRINGS = YES;
				SWIFT_VERSION = 5.0;
				TARGETED_DEVICE_FAMILY = "1,2";
			};
			name = Release;
		};
/* End XCBuildConfiguration section */

/* Begin XCConfigurationList section */
		2A106BF428EF135800B93B9B /* Build configuration list for PBXProject "team2120" */ = {
			isa = XCConfigurationList;
			buildConfigurations = (
				2A106C0528EF135900B93B9B /* Debug */,
				2A106C0628EF135900B93B9B /* Release */,
			);
			defaultConfigurationIsVisible = 0;
			defaultConfigurationName = Release;
		};
		2A106C0728EF135900B93B9B /* Build configuration list for PBXNativeTarget "team2120" */ = {
			isa = XCConfigurationList;
			buildConfigurations = (
				2A106C0828EF135900B93B9B /* Debug */,
				2A106C0928EF135900B93B9B /* Release */,
			);
			defaultConfigurationIsVisible = 0;
			defaultConfigurationName = Release;
		};
/* End XCConfigurationList section */
	};
	rootObject = 2A106BF128EF135800B93B9B /* Project object */;
}
